// !$*UTF8*$!
{
	archiveVersion = 1;
	classes = {
	};
	objectVersion = 46;
	objects = {

/* Begin PBXBuildFile section */
		72741E3A1EB59EE3004D3DDC /* RemindersViewController.swift in Sources */ = {isa = PBXBuildFile; fileRef = 72741E381EB59EE3004D3DDC /* RemindersViewController.swift */; };
		72741E3B1EB59EE3004D3DDC /* RemindersViewController.xib in Resources */ = {isa = PBXBuildFile; fileRef = 72741E391EB59EE3004D3DDC /* RemindersViewController.xib */; };
		72C422061EB2AAB00073059B /* AppDelegate.swift in Sources */ = {isa = PBXBuildFile; fileRef = 72C422051EB2AAB00073059B /* AppDelegate.swift */; };
		72C4220D1EB2AAB00073059B /* Assets.xcassets in Resources */ = {isa = PBXBuildFile; fileRef = 72C4220C1EB2AAB00073059B /* Assets.xcassets */; };
		72C422101EB2AAB00073059B /* LaunchScreen.storyboard in Resources */ = {isa = PBXBuildFile; fileRef = 72C4220E1EB2AAB00073059B /* LaunchScreen.storyboard */; };
		72C422191EB2AE040073059B /* GoogleService-Info.plist in Resources */ = {isa = PBXBuildFile; fileRef = 72C422171EB2AE040073059B /* GoogleService-Info.plist */; };
		72C4221A1EB2AE040073059B /* Keys.plist in Resources */ = {isa = PBXBuildFile; fileRef = 72C422181EB2AE040073059B /* Keys.plist */; };
		72C4221E1EB2B1FE0073059B /* FirebaseManager.swift in Sources */ = {isa = PBXBuildFile; fileRef = 72C4221C1EB2B1FE0073059B /* FirebaseManager.swift */; };
		72C4221F1EB2B1FE0073059B /* GoogleMapsManager.swift in Sources */ = {isa = PBXBuildFile; fileRef = 72C4221D1EB2B1FE0073059B /* GoogleMapsManager.swift */; };
		72C422231EB2B2FA0073059B /* Config.swift in Sources */ = {isa = PBXBuildFile; fileRef = 72C422221EB2B2FA0073059B /* Config.swift */; };
		72C422261EB2B5E10073059B /* Util.swift in Sources */ = {isa = PBXBuildFile; fileRef = 72C422251EB2B5E10073059B /* Util.swift */; };
		72C422291EB2B7000073059B /* CurrentUser.swift in Sources */ = {isa = PBXBuildFile; fileRef = 72C422281EB2B7000073059B /* CurrentUser.swift */; };
		72C4222C1EB2C1690073059B /* WIHViewController.swift in Sources */ = {isa = PBXBuildFile; fileRef = 72C4222B1EB2C1690073059B /* WIHViewController.swift */; };
		72C422301EB2C2590073059B /* LandingViewController.swift in Sources */ = {isa = PBXBuildFile; fileRef = 72C4222E1EB2C2590073059B /* LandingViewController.swift */; };
		72C422311EB2C2590073059B /* LandingViewController.xib in Resources */ = {isa = PBXBuildFile; fileRef = 72C4222F1EB2C2590073059B /* LandingViewController.xib */; };
		72C422341EB2C3F80073059B /* gotham-condensed-book-59028c13bb4af.otf in Resources */ = {isa = PBXBuildFile; fileRef = 72C422331EB2C3F80073059B /* gotham-condensed-book-59028c13bb4af.otf */; };
		72C422371EB2CD940073059B /* SignUpViewController.swift in Sources */ = {isa = PBXBuildFile; fileRef = 72C422351EB2CD940073059B /* SignUpViewController.swift */; };
		72C422381EB2CD940073059B /* SignUpViewController.xib in Resources */ = {isa = PBXBuildFile; fileRef = 72C422361EB2CD940073059B /* SignUpViewController.xib */; };
		D40ED919936C63A45F4B5A99 /* Pods_whileimhere_ios.framework in Frameworks */ = {isa = PBXBuildFile; fileRef = 3F4B3B565DFE0CD03860823B /* Pods_whileimhere_ios.framework */; };
/* End PBXBuildFile section */

/* Begin PBXFileReference section */
		3F4B3B565DFE0CD03860823B /* Pods_whileimhere_ios.framework */ = {isa = PBXFileReference; explicitFileType = wrapper.framework; includeInIndex = 0; path = Pods_whileimhere_ios.framework; sourceTree = BUILT_PRODUCTS_DIR; };
		4625E7A0F218276E0AC75B43 /* Pods-whileimhere-ios.release.xcconfig */ = {isa = PBXFileReference; includeInIndex = 1; lastKnownFileType = text.xcconfig; name = "Pods-whileimhere-ios.release.xcconfig"; path = "Pods/Target Support Files/Pods-whileimhere-ios/Pods-whileimhere-ios.release.xcconfig"; sourceTree = "<group>"; };
		6955553FA92B9593EA61F8B7 /* Pods-whileimhere-ios.debug.xcconfig */ = {isa = PBXFileReference; includeInIndex = 1; lastKnownFileType = text.xcconfig; name = "Pods-whileimhere-ios.debug.xcconfig"; path = "Pods/Target Support Files/Pods-whileimhere-ios/Pods-whileimhere-ios.debug.xcconfig"; sourceTree = "<group>"; };
		72741E381EB59EE3004D3DDC /* RemindersViewController.swift */ = {isa = PBXFileReference; fileEncoding = 4; lastKnownFileType = sourcecode.swift; name = RemindersViewController.swift; path = viewcontrollers/RemindersViewController.swift; sourceTree = "<group>"; };
		72741E391EB59EE3004D3DDC /* RemindersViewController.xib */ = {isa = PBXFileReference; fileEncoding = 4; lastKnownFileType = file.xib; name = RemindersViewController.xib; path = viewcontrollers/RemindersViewController.xib; sourceTree = "<group>"; };
		72C422021EB2AAB00073059B /* whileimhere-ios.app */ = {isa = PBXFileReference; explicitFileType = wrapper.application; includeInIndex = 0; path = "whileimhere-ios.app"; sourceTree = BUILT_PRODUCTS_DIR; };
		72C422051EB2AAB00073059B /* AppDelegate.swift */ = {isa = PBXFileReference; lastKnownFileType = sourcecode.swift; path = AppDelegate.swift; sourceTree = "<group>"; };
		72C4220C1EB2AAB00073059B /* Assets.xcassets */ = {isa = PBXFileReference; lastKnownFileType = folder.assetcatalog; path = Assets.xcassets; sourceTree = "<group>"; };
		72C4220F1EB2AAB00073059B /* Base */ = {isa = PBXFileReference; lastKnownFileType = file.storyboard; name = Base; path = Base.lproj/LaunchScreen.storyboard; sourceTree = "<group>"; };
		72C422111EB2AAB00073059B /* Info.plist */ = {isa = PBXFileReference; lastKnownFileType = text.plist.xml; path = Info.plist; sourceTree = "<group>"; };
		72C422171EB2AE040073059B /* GoogleService-Info.plist */ = {isa = PBXFileReference; fileEncoding = 4; lastKnownFileType = text.plist.xml; path = "GoogleService-Info.plist"; sourceTree = "<group>"; };
		72C422181EB2AE040073059B /* Keys.plist */ = {isa = PBXFileReference; fileEncoding = 4; lastKnownFileType = text.plist.xml; path = Keys.plist; sourceTree = "<group>"; };
		72C4221C1EB2B1FE0073059B /* FirebaseManager.swift */ = {isa = PBXFileReference; fileEncoding = 4; lastKnownFileType = sourcecode.swift; name = FirebaseManager.swift; path = managers/FirebaseManager.swift; sourceTree = "<group>"; };
		72C4221D1EB2B1FE0073059B /* GoogleMapsManager.swift */ = {isa = PBXFileReference; fileEncoding = 4; lastKnownFileType = sourcecode.swift; name = GoogleMapsManager.swift; path = managers/GoogleMapsManager.swift; sourceTree = "<group>"; };
		72C422221EB2B2FA0073059B /* Config.swift */ = {isa = PBXFileReference; fileEncoding = 4; lastKnownFileType = sourcecode.swift; name = Config.swift; path = config/Config.swift; sourceTree = "<group>"; };
		72C422251EB2B5E10073059B /* Util.swift */ = {isa = PBXFileReference; fileEncoding = 4; lastKnownFileType = sourcecode.swift; name = Util.swift; path = util/Util.swift; sourceTree = "<group>"; };
		72C422281EB2B7000073059B /* CurrentUser.swift */ = {isa = PBXFileReference; fileEncoding = 4; lastKnownFileType = sourcecode.swift; name = CurrentUser.swift; path = models/CurrentUser.swift; sourceTree = "<group>"; };
		72C4222B1EB2C1690073059B /* WIHViewController.swift */ = {isa = PBXFileReference; fileEncoding = 4; lastKnownFileType = sourcecode.swift; name = WIHViewController.swift; path = viewcontrollers/WIHViewController.swift; sourceTree = "<group>"; };
		72C4222E1EB2C2590073059B /* LandingViewController.swift */ = {isa = PBXFileReference; fileEncoding = 4; lastKnownFileType = sourcecode.swift; name = LandingViewController.swift; path = viewcontrollers/LandingViewController.swift; sourceTree = "<group>"; };
		72C4222F1EB2C2590073059B /* LandingViewController.xib */ = {isa = PBXFileReference; fileEncoding = 4; lastKnownFileType = file.xib; name = LandingViewController.xib; path = viewcontrollers/LandingViewController.xib; sourceTree = "<group>"; };
		72C422331EB2C3F80073059B /* gotham-condensed-book-59028c13bb4af.otf */ = {isa = PBXFileReference; lastKnownFileType = file; name = "gotham-condensed-book-59028c13bb4af.otf"; path = "fonts/gotham-condensed-book-59028c13bb4af.otf"; sourceTree = "<group>"; };
		72C422351EB2CD940073059B /* SignUpViewController.swift */ = {isa = PBXFileReference; fileEncoding = 4; lastKnownFileType = sourcecode.swift; name = SignUpViewController.swift; path = viewcontrollers/SignUpViewController.swift; sourceTree = "<group>"; };
		72C422361EB2CD940073059B /* SignUpViewController.xib */ = {isa = PBXFileReference; fileEncoding = 4; lastKnownFileType = file.xib; name = SignUpViewController.xib; path = viewcontrollers/SignUpViewController.xib; sourceTree = "<group>"; };
/* End PBXFileReference section */

/* Begin PBXFrameworksBuildPhase section */
		72C421FF1EB2AAB00073059B /* Frameworks */ = {
			isa = PBXFrameworksBuildPhase;
			buildActionMask = 2147483647;
			files = (
				D40ED919936C63A45F4B5A99 /* Pods_whileimhere_ios.framework in Frameworks */,
			);
			runOnlyForDeploymentPostprocessing = 0;
		};
/* End PBXFrameworksBuildPhase section */

/* Begin PBXGroup section */
		72C421F91EB2AAB00073059B = {
			isa = PBXGroup;
			children = (
				72C422041EB2AAB00073059B /* whileimhere-ios */,
				72C422031EB2AAB00073059B /* Products */,
				DC3D370C3AC0DDD73717D183 /* Pods */,
				D84CAB12149BEC428B178159 /* Frameworks */,
			);
			sourceTree = "<group>";
		};
		72C422031EB2AAB00073059B /* Products */ = {
			isa = PBXGroup;
			children = (
				72C422021EB2AAB00073059B /* whileimhere-ios.app */,
			);
			name = Products;
			sourceTree = "<group>";
		};
		72C422041EB2AAB00073059B /* whileimhere-ios */ = {
			isa = PBXGroup;
			children = (
				72C422051EB2AAB00073059B /* AppDelegate.swift */,
				72C4220C1EB2AAB00073059B /* Assets.xcassets */,
				72C4220E1EB2AAB00073059B /* LaunchScreen.storyboard */,
				72C422201EB2B2A90073059B /* config */,
				72C422321EB2C3E60073059B /* fonts */,
				72C4221B1EB2B1EC0073059B /* managers */,
				72C422271EB2B6E20073059B /* models */,
				72C422211EB2B2D70073059B /* plists */,
				72C422241EB2B59D0073059B /* util */,
				72C4222A1EB2C1110073059B /* viewcontrollers */,
			);
			path = "whileimhere-ios";
			sourceTree = "<group>";
		};
		72C4221B1EB2B1EC0073059B /* managers */ = {
			isa = PBXGroup;
			children = (
				72C4221C1EB2B1FE0073059B /* FirebaseManager.swift */,
				72C4221D1EB2B1FE0073059B /* GoogleMapsManager.swift */,
			);
			name = managers;
			sourceTree = "<group>";
		};
		72C422201EB2B2A90073059B /* config */ = {
			isa = PBXGroup;
			children = (
				72C422221EB2B2FA0073059B /* Config.swift */,
			);
			name = config;
			sourceTree = "<group>";
		};
		72C422211EB2B2D70073059B /* plists */ = {
			isa = PBXGroup;
			children = (
				72C422171EB2AE040073059B /* GoogleService-Info.plist */,
				72C422111EB2AAB00073059B /* Info.plist */,
				72C422181EB2AE040073059B /* Keys.plist */,
			);
			name = plists;
			sourceTree = "<group>";
		};
		72C422241EB2B59D0073059B /* util */ = {
			isa = PBXGroup;
			children = (
				72C422251EB2B5E10073059B /* Util.swift */,
			);
			name = util;
			sourceTree = "<group>";
		};
		72C422271EB2B6E20073059B /* models */ = {
			isa = PBXGroup;
			children = (
				72C422281EB2B7000073059B /* CurrentUser.swift */,
			);
			name = models;
			sourceTree = "<group>";
		};
		72C4222A1EB2C1110073059B /* viewcontrollers */ = {
			isa = PBXGroup;
			children = (
				72C4222D1EB2C2360073059B /* _base */,
				72C4222E1EB2C2590073059B /* LandingViewController.swift */,
				72C4222F1EB2C2590073059B /* LandingViewController.xib */,
				72741E381EB59EE3004D3DDC /* RemindersViewController.swift */,
				72741E391EB59EE3004D3DDC /* RemindersViewController.xib */,
				72C422351EB2CD940073059B /* SignUpViewController.swift */,
				72C422361EB2CD940073059B /* SignUpViewController.xib */,
			);
			name = viewcontrollers;
			sourceTree = "<group>";
		};
		72C4222D1EB2C2360073059B /* _base */ = {
			isa = PBXGroup;
			children = (
				72C4222B1EB2C1690073059B /* WIHViewController.swift */,
			);
			name = _base;
			sourceTree = "<group>";
		};
		72C422321EB2C3E60073059B /* fonts */ = {
			isa = PBXGroup;
			children = (
				72C422331EB2C3F80073059B /* gotham-condensed-book-59028c13bb4af.otf */,
			);
			name = fonts;
			sourceTree = "<group>";
		};
		D84CAB12149BEC428B178159 /* Frameworks */ = {
			isa = PBXGroup;
			children = (
				3F4B3B565DFE0CD03860823B /* Pods_whileimhere_ios.framework */,
			);
			name = Frameworks;
			sourceTree = "<group>";
		};
		DC3D370C3AC0DDD73717D183 /* Pods */ = {
			isa = PBXGroup;
			children = (
				6955553FA92B9593EA61F8B7 /* Pods-whileimhere-ios.debug.xcconfig */,
				4625E7A0F218276E0AC75B43 /* Pods-whileimhere-ios.release.xcconfig */,
			);
			name = Pods;
			sourceTree = "<group>";
		};
/* End PBXGroup section */

/* Begin PBXNativeTarget section */
		72C422011EB2AAB00073059B /* whileimhere-ios */ = {
			isa = PBXNativeTarget;
			buildConfigurationList = 72C422141EB2AAB10073059B /* Build configuration list for PBXNativeTarget "whileimhere-ios" */;
			buildPhases = (
				7EA18F650C909F87F0E3E186 /* [CP] Check Pods Manifest.lock */,
				72C421FE1EB2AAB00073059B /* Sources */,
				72C421FF1EB2AAB00073059B /* Frameworks */,
				72C422001EB2AAB00073059B /* Resources */,
				5A51E239B63A5C4033036030 /* [CP] Embed Pods Frameworks */,
				2C107CF6C23DBCDE865491A7 /* [CP] Copy Pods Resources */,
			);
			buildRules = (
			);
			dependencies = (
			);
			name = "whileimhere-ios";
			productName = "whileimhere-ios";
			productReference = 72C422021EB2AAB00073059B /* whileimhere-ios.app */;
			productType = "com.apple.product-type.application";
		};
/* End PBXNativeTarget section */

/* Begin PBXProject section */
		72C421FA1EB2AAB00073059B /* Project object */ = {
			isa = PBXProject;
			attributes = {
				LastSwiftUpdateCheck = 0830;
				LastUpgradeCheck = 0830;
				ORGANIZATIONNAME = "Brian Maci";
				TargetAttributes = {
					72C422011EB2AAB00073059B = {
						CreatedOnToolsVersion = 8.3;
						DevelopmentTeam = MF94FJYR24;
						ProvisioningStyle = Automatic;
					};
				};
			};
			buildConfigurationList = 72C421FD1EB2AAB00073059B /* Build configuration list for PBXProject "whileimhere-ios" */;
			compatibilityVersion = "Xcode 3.2";
			developmentRegion = English;
			hasScannedForEncodings = 0;
			knownRegions = (
				en,
				Base,
			);
			mainGroup = 72C421F91EB2AAB00073059B;
			productRefGroup = 72C422031EB2AAB00073059B /* Products */;
			projectDirPath = "";
			projectRoot = "";
			targets = (
				72C422011EB2AAB00073059B /* whileimhere-ios */,
			);
		};
/* End PBXProject section */

/* Begin PBXResourcesBuildPhase section */
		72C422001EB2AAB00073059B /* Resources */ = {
			isa = PBXResourcesBuildPhase;
			buildActionMask = 2147483647;
			files = (
				72C422311EB2C2590073059B /* LandingViewController.xib in Resources */,
				72C422341EB2C3F80073059B /* gotham-condensed-book-59028c13bb4af.otf in Resources */,
				72C422381EB2CD940073059B /* SignUpViewController.xib in Resources */,
				72C422101EB2AAB00073059B /* LaunchScreen.storyboard in Resources */,
				72741E3B1EB59EE3004D3DDC /* RemindersViewController.xib in Resources */,
				72C422191EB2AE040073059B /* GoogleService-Info.plist in Resources */,
				72C4220D1EB2AAB00073059B /* Assets.xcassets in Resources */,
				72C4221A1EB2AE040073059B /* Keys.plist in Resources */,
			);
			runOnlyForDeploymentPostprocessing = 0;
		};
/* End PBXResourcesBuildPhase section */

/* Begin PBXShellScriptBuildPhase section */
		2C107CF6C23DBCDE865491A7 /* [CP] Copy Pods Resources */ = {
			isa = PBXShellScriptBuildPhase;
			buildActionMask = 2147483647;
			files = (
			);
			inputPaths = (
			);
			name = "[CP] Copy Pods Resources";
			outputPaths = (
			);
			runOnlyForDeploymentPostprocessing = 0;
			shellPath = /bin/sh;
			shellScript = "\"${SRCROOT}/Pods/Target Support Files/Pods-whileimhere-ios/Pods-whileimhere-ios-resources.sh\"\n";
			showEnvVarsInLog = 0;
		};
		5A51E239B63A5C4033036030 /* [CP] Embed Pods Frameworks */ = {
			isa = PBXShellScriptBuildPhase;
			buildActionMask = 2147483647;
			files = (
			);
			inputPaths = (
			);
			name = "[CP] Embed Pods Frameworks";
			outputPaths = (
			);
			runOnlyForDeploymentPostprocessing = 0;
			shellPath = /bin/sh;
			shellScript = "\"${SRCROOT}/Pods/Target Support Files/Pods-whileimhere-ios/Pods-whileimhere-ios-frameworks.sh\"\n";
			showEnvVarsInLog = 0;
		};
		7EA18F650C909F87F0E3E186 /* [CP] Check Pods Manifest.lock */ = {
			isa = PBXShellScriptBuildPhase;
			buildActionMask = 2147483647;
			files = (
			);
			inputPaths = (
			);
			name = "[CP] Check Pods Manifest.lock";
			outputPaths = (
			);
			runOnlyForDeploymentPostprocessing = 0;
			shellPath = /bin/sh;
			shellScript = "diff \"${PODS_PODFILE_DIR_PATH}/Podfile.lock\" \"${PODS_ROOT}/Manifest.lock\" > /dev/null\nif [ $? != 0 ] ; then\n    # print error to STDERR\n    echo \"error: The sandbox is not in sync with the Podfile.lock. Run 'pod install' or update your CocoaPods installation.\" >&2\n    exit 1\nfi\n";
			showEnvVarsInLog = 0;
		};
/* End PBXShellScriptBuildPhase section */

/* Begin PBXSourcesBuildPhase section */
		72C421FE1EB2AAB00073059B /* Sources */ = {
			isa = PBXSourcesBuildPhase;
			buildActionMask = 2147483647;
			files = (
				72C4221E1EB2B1FE0073059B /* FirebaseManager.swift in Sources */,
				72C422261EB2B5E10073059B /* Util.swift in Sources */,
				72C422301EB2C2590073059B /* LandingViewController.swift in Sources */,
				72C422231EB2B2FA0073059B /* Config.swift in Sources */,
				72741E3A1EB59EE3004D3DDC /* RemindersViewController.swift in Sources */,
				72C422061EB2AAB00073059B /* AppDelegate.swift in Sources */,
				72C422291EB2B7000073059B /* CurrentUser.swift in Sources */,
				72C422371EB2CD940073059B /* SignUpViewController.swift in Sources */,
				72C4221F1EB2B1FE0073059B /* GoogleMapsManager.swift in Sources */,
				72C4222C1EB2C1690073059B /* WIHViewController.swift in Sources */,
			);
			runOnlyForDeploymentPostprocessing = 0;
		};
/* End PBXSourcesBuildPhase section */

/* Begin PBXVariantGroup section */
		72C4220E1EB2AAB00073059B /* LaunchScreen.storyboard */ = {
			isa = PBXVariantGroup;
			children = (
				72C4220F1EB2AAB00073059B /* Base */,
			);
			name = LaunchScreen.storyboard;
			sourceTree = "<group>";
		};
/* End PBXVariantGroup section */

/* Begin XCBuildConfiguration section */
		72C422121EB2AAB10073059B /* Debug */ = {
			isa = XCBuildConfiguration;
			buildSettings = {
				ALWAYS_SEARCH_USER_PATHS = NO;
				CLANG_ANALYZER_NONNULL = YES;
				CLANG_ANALYZER_NUMBER_OBJECT_CONVERSION = YES_AGGRESSIVE;
				CLANG_CXX_LANGUAGE_STANDARD = "gnu++0x";
				CLANG_CXX_LIBRARY = "libc++";
				CLANG_ENABLE_MODULES = YES;
				CLANG_ENABLE_OBJC_ARC = YES;
				CLANG_WARN_BOOL_CONVERSION = YES;
				CLANG_WARN_CONSTANT_CONVERSION = YES;
				CLANG_WARN_DIRECT_OBJC_ISA_USAGE = YES_ERROR;
				CLANG_WARN_DOCUMENTATION_COMMENTS = YES;
				CLANG_WARN_EMPTY_BODY = YES;
				CLANG_WARN_ENUM_CONVERSION = YES;
				CLANG_WARN_INFINITE_RECURSION = YES;
				CLANG_WARN_INT_CONVERSION = YES;
				CLANG_WARN_OBJC_ROOT_CLASS = YES_ERROR;
				CLANG_WARN_SUSPICIOUS_MOVE = YES;
				CLANG_WARN_UNREACHABLE_CODE = YES;
				CLANG_WARN__DUPLICATE_METHOD_MATCH = YES;
				"CODE_SIGN_IDENTITY[sdk=iphoneos*]" = "iPhone Developer";
				COPY_PHASE_STRIP = NO;
				DEBUG_INFORMATION_FORMAT = dwarf;
				ENABLE_STRICT_OBJC_MSGSEND = YES;
				ENABLE_TESTABILITY = YES;
				GCC_C_LANGUAGE_STANDARD = gnu99;
				GCC_DYNAMIC_NO_PIC = NO;
				GCC_NO_COMMON_BLOCKS = YES;
				GCC_OPTIMIZATION_LEVEL = 0;
				GCC_PREPROCESSOR_DEFINITIONS = (
					"DEBUG=1",
					"$(inherited)",
				);
				GCC_WARN_64_TO_32_BIT_CONVERSION = YES;
				GCC_WARN_ABOUT_RETURN_TYPE = YES_ERROR;
				GCC_WARN_UNDECLARED_SELECTOR = YES;
				GCC_WARN_UNINITIALIZED_AUTOS = YES_AGGRESSIVE;
				GCC_WARN_UNUSED_FUNCTION = YES;
				GCC_WARN_UNUSED_VARIABLE = YES;
				IPHONEOS_DEPLOYMENT_TARGET = 10.0;
				MTL_ENABLE_DEBUG_INFO = YES;
				ONLY_ACTIVE_ARCH = YES;
				SDKROOT = iphoneos;
				SWIFT_ACTIVE_COMPILATION_CONDITIONS = DEBUG;
				SWIFT_OPTIMIZATION_LEVEL = "-Onone";
			};
			name = Debug;
		};
		72C422131EB2AAB10073059B /* Release */ = {
			isa = XCBuildConfiguration;
			buildSettings = {
				ALWAYS_SEARCH_USER_PATHS = NO;
				CLANG_ANALYZER_NONNULL = YES;
				CLANG_ANALYZER_NUMBER_OBJECT_CONVERSION = YES_AGGRESSIVE;
				CLANG_CXX_LANGUAGE_STANDARD = "gnu++0x";
				CLANG_CXX_LIBRARY = "libc++";
				CLANG_ENABLE_MODULES = YES;
				CLANG_ENABLE_OBJC_ARC = YES;
				CLANG_WARN_BOOL_CONVERSION = YES;
				CLANG_WARN_CONSTANT_CONVERSION = YES;
				CLANG_WARN_DIRECT_OBJC_ISA_USAGE = YES_ERROR;
				CLANG_WARN_DOCUMENTATION_COMMENTS = YES;
				CLANG_WARN_EMPTY_BODY = YES;
				CLANG_WARN_ENUM_CONVERSION = YES;
				CLANG_WARN_INFINITE_RECURSION = YES;
				CLANG_WARN_INT_CONVERSION = YES;
				CLANG_WARN_OBJC_ROOT_CLASS = YES_ERROR;
				CLANG_WARN_SUSPICIOUS_MOVE = YES;
				CLANG_WARN_UNREACHABLE_CODE = YES;
				CLANG_WARN__DUPLICATE_METHOD_MATCH = YES;
				"CODE_SIGN_IDENTITY[sdk=iphoneos*]" = "iPhone Developer";
				COPY_PHASE_STRIP = NO;
				DEBUG_INFORMATION_FORMAT = "dwarf-with-dsym";
				ENABLE_NS_ASSERTIONS = NO;
				ENABLE_STRICT_OBJC_MSGSEND = YES;
				GCC_C_LANGUAGE_STANDARD = gnu99;
				GCC_NO_COMMON_BLOCKS = YES;
				GCC_WARN_64_TO_32_BIT_CONVERSION = YES;
				GCC_WARN_ABOUT_RETURN_TYPE = YES_ERROR;
				GCC_WARN_UNDECLARED_SELECTOR = YES;
				GCC_WARN_UNINITIALIZED_AUTOS = YES_AGGRESSIVE;
				GCC_WARN_UNUSED_FUNCTION = YES;
				GCC_WARN_UNUSED_VARIABLE = YES;
				IPHONEOS_DEPLOYMENT_TARGET = 10.0;
				MTL_ENABLE_DEBUG_INFO = NO;
				SDKROOT = iphoneos;
				SWIFT_OPTIMIZATION_LEVEL = "-Owholemodule";
				VALIDATE_PRODUCT = YES;
			};
			name = Release;
		};
		72C422151EB2AAB10073059B /* Debug */ = {
			isa = XCBuildConfiguration;
			baseConfigurationReference = 6955553FA92B9593EA61F8B7 /* Pods-whileimhere-ios.debug.xcconfig */;
			buildSettings = {
				ASSETCATALOG_COMPILER_APPICON_NAME = AppIcon;
				DEVELOPMENT_TEAM = MF94FJYR24;
				INFOPLIST_FILE = "whileimhere-ios/Info.plist";
				LD_RUNPATH_SEARCH_PATHS = "$(inherited) @executable_path/Frameworks";
				PRODUCT_BUNDLE_IDENTIFIER = "com.briancmaci.whileimhere-ios";
				PRODUCT_NAME = "$(TARGET_NAME)";
				SWIFT_VERSION = 3.0;
			};
			name = Debug;
		};
		72C422161EB2AAB10073059B /* Release */ = {
			isa = XCBuildConfiguration;
			baseConfigurationReference = 4625E7A0F218276E0AC75B43 /* Pods-whileimhere-ios.release.xcconfig */;
			buildSettings = {
				ASSETCATALOG_COMPILER_APPICON_NAME = AppIcon;
				DEVELOPMENT_TEAM = MF94FJYR24;
				INFOPLIST_FILE = "whileimhere-ios/Info.plist";
				LD_RUNPATH_SEARCH_PATHS = "$(inherited) @executable_path/Frameworks";
				PRODUCT_BUNDLE_IDENTIFIER = "com.briancmaci.whileimhere-ios";
				PRODUCT_NAME = "$(TARGET_NAME)";
				SWIFT_VERSION = 3.0;
			};
			name = Release;
		};
/* End XCBuildConfiguration section */

/* Begin XCConfigurationList section */
		72C421FD1EB2AAB00073059B /* Build configuration list for PBXProject "whileimhere-ios" */ = {
			isa = XCConfigurationList;
			buildConfigurations = (
				72C422121EB2AAB10073059B /* Debug */,
				72C422131EB2AAB10073059B /* Release */,
			);
			defaultConfigurationIsVisible = 0;
			defaultConfigurationName = Release;
		};
		72C422141EB2AAB10073059B /* Build configuration list for PBXNativeTarget "whileimhere-ios" */ = {
			isa = XCConfigurationList;
			buildConfigurations = (
				72C422151EB2AAB10073059B /* Debug */,
				72C422161EB2AAB10073059B /* Release */,
			);
			defaultConfigurationIsVisible = 0;
			defaultConfigurationName = Release;
		};
/* End XCConfigurationList section */
	};
	rootObject = 72C421FA1EB2AAB00073059B /* Project object */;
}
